{
  "name": "validis",
  "version": "3.0.0",
  "lockfileVersion": 3,
  "requires": true,
  "packages": {
    "": {
      "name": "validis",
      "version": "3.0.0",
      "license": "ISC",
      "dependencies": {
        "validis": "file:"
      }
    },
    "node_modules/validis": {
      "resolved": "",
      "link": true
    }
  }
}
